
Microsoft Visual Studio Solution File, Format Version 12.00
# Visual Studio Version 17
VisualStudioVersion = 17.5.33516.290
MinimumVisualStudioVersion = 10.0.40219.1
Project("{FAE04EC0-301F-11D3-BF4B-00C04F79EFBC}") = "BattleShip", "BattleShip\BattleShip.csproj", "{55BD8DDF-2C38-412F-8E62-38FEEFE96532}"
EndProject
Project("{FAE04EC0-301F-11D3-BF4B-00C04F79EFBC}") = "BattleShipServer", "BattleShipServer\BattleShipServer.csproj", "{6C79D387-2489-49CF-9E46-76D9C9389C34}"
EndProject
Global
	GlobalSection(SolutionConfigurationPlatforms) = preSolution
		Debug|Any CPU = Debug|Any CPU
		Release|Any CPU = Release|Any CPU
	EndGlobalSection
	GlobalSection(ProjectConfigurationPlatforms) = postSolution
		{55BD8DDF-2C38-412F-8E62-38FEEFE96532}.Debug|Any CPU.ActiveCfg = Debug|Any CPU
		{55BD8DDF-2C38-412F-8E62-38FEEFE96532}.Debug|Any CPU.Build.0 = Debug|Any CPU
		{55BD8DDF-2C38-412F-8E62-38FEEFE96532}.Release|Any CPU.ActiveCfg = Release|Any CPU
		{55BD8DDF-2C38-412F-8E62-38FEEFE96532}.Release|Any CPU.Build.0 = Release|Any CPU
		{6C79D387-2489-49CF-9E46-76D9C9389C34}.Debug|Any CPU.ActiveCfg = Debug|Any CPU
		{6C79D387-2489-49CF-9E46-76D9C9389C34}.Debug|Any CPU.Build.0 = Debug|Any CPU
		{6C79D387-2489-49CF-9E46-76D9C9389C34}.Release|Any CPU.ActiveCfg = Release|Any CPU
		{6C79D387-2489-49CF-9E46-76D9C9389C34}.Release|Any CPU.Build.0 = Release|Any CPU
	EndGlobalSection
	GlobalSection(SolutionProperties) = preSolution
		HideSolutionNode = FALSE
	EndGlobalSection
	GlobalSection(ExtensibilityGlobals) = postSolution
		SolutionGuid = {7FC7FC43-9267-4EC1-AD9D-248B25A64E84}
	EndGlobalSection
EndGlobal
